[[package]]
category = "main"
description = "Blazingly fast & beautifully expressive Web APIs"
name = "apistar"
optional = false
platform = "*"
python-versions = "*"
version = "0.5.40"

[package.dependencies]
click = "*"
jinja2 = "*"
pyyaml = "*"
requests = "*"
werkzeug = "*"
whitenoise = "*"

[[package]]
category = "dev"
description = "A small Python module for determining appropriate platform-specific dirs, e.g. a \"user data dir\"."
name = "appdirs"
optional = false
platform = "*"
python-versions = "*"
version = "1.4.3"

[[package]]
category = "main"
description = "Bash tab completion for argparse"
name = "argcomplete"
optional = false
platform = "MacOS X"
python-versions = "*"
version = "1.9.3"

[[package]]
category = "dev"
description = "Classes Without Boilerplate"
name = "attrs"
optional = false
platform = "*"
python-versions = "*"
version = "18.1.0"

[[package]]
category = "main"
description = "Python flexible slugify function"
name = "awesome-slugify"
optional = false
platform = "UNKNOWN"
python-versions = "*"
version = "1.6.5"

[package.dependencies]
Unidecode = ">=0.04.14,<0.05"
regex = "*"

[[package]]
category = "main"
description = "Base58 and Base58Check implementation"
name = "base58"
optional = false
platform = "*"
python-versions = "*"
version = "1.0.0"

[[package]]
category = "main"
description = "Modern password hashing for your software and your servers"
name = "bcrypt"
optional = false
platform = "*"
python-versions = "*"
version = "3.1.4"

[package.dependencies]
cffi = ">=1.1"
six = ">=1.4.1"

[[package]]
category = "dev"
description = "The uncompromising code formatter."
name = "black"
optional = false
platform = "*"
python-versions = ">=3.6"
version = "18.6b4"

[package.dependencies]
appdirs = "*"
attrs = ">=17.4.0"
click = ">=6.5"
toml = ">=0.9.4"

[[package]]
category = "main"
description = "The AWS SDK for Python"
name = "boto3"
optional = false
platform = "*"
python-versions = "*"
version = "1.7.52"

[package.dependencies]
botocore = ">=1.10.52,<1.11.0"
jmespath = ">=0.7.1,<1.0.0"
s3transfer = ">=0.1.10,<0.2.0"

[[package]]
category = "main"
description = "Low-level, data-driven core of boto 3."
name = "botocore"
optional = false
platform = "*"
python-versions = "*"
version = "1.10.52"

[package.dependencies]
docutils = ">=0.10"
jmespath = ">=0.7.1,<1.0.0"
python-dateutil = ">=2.1,<3.0.0"

[[package]]
category = "main"
description = "Python package for providing Mozilla's CA Bundle."
name = "certifi"
optional = false
platform = "*"
python-versions = "*"
version = "2018.4.16"

[[package]]
category = "main"
description = "Foreign Function Interface for Python calling C code."
name = "cffi"
optional = false
platform = "*"
python-versions = "*"
version = "1.11.5"

[package.dependencies]
pycparser = "*"

[[package]]
category = "main"
description = "Convert AWS CloudFormation templates between JSON and YAML formats"
name = "cfn-flip"
optional = false
platform = "*"
python-versions = "*"
version = "1.0.3"

[package.dependencies]
Click = "*"
PyYAML = "*"
six = "*"

[[package]]
category = "main"
description = "Universal encoding detector for Python 2 and 3"
name = "chardet"
optional = false
platform = "*"
python-versions = "*"
version = "3.0.4"

[[package]]
category = "main"
description = "A simple wrapper around optparse for powerful command line utilities."
name = "click"
optional = false
platform = "*"
python-versions = "*"
version = "6.7"

[[package]]
category = "main"
description = "Docutils -- Python Documentation Utilities"
name = "docutils"
optional = false
platform = "OS-independent"
python-versions = "*"
version = "0.14"

[[package]]
category = "main"
description = "Module for converting between datetime.timedelta and Go's Duration strings."
name = "durationpy"
optional = false
platform = "*"
python-versions = "*"
version = "0.5"

[[package]]
category = "main"
description = "Clean single-source support for Python 3 and 2"
name = "future"
optional = false
platform = "UNKNOWN"
python-versions = "*"
version = "0.16.0"

[[package]]
category = "main"
description = "Backport of the concurrent.futures package from Python 3.2"
name = "futures"
optional = false
platform = "UNKNOWN"
python-versions = "*"
version = "3.1.1"

[[package]]
category = "main"
description = "Hjson, a user interface for JSON."
name = "hjson"
optional = false
platform = "any"
python-versions = "*"
version = "3.0.1"

[[package]]
category = "main"
description = "Internationalized Domain Names in Applications (IDNA)"
name = "idna"
optional = false
platform = "*"
python-versions = "*"
version = "2.7"

[[package]]
category = "main"
description = "A small but fast and easy to use stand-alone template engine written in pure python."
name = "jinja2"
optional = false
platform = "*"
python-versions = "*"
version = "2.10"

[package.dependencies]
MarkupSafe = ">=0.23"

[[package]]
category = "main"
description = "JSON Matching Expressions"
name = "jmespath"
optional = false
platform = "UNKNOWN"
python-versions = "*"
version = "0.9.3"

[[package]]
category = "main"
description = "A CLI tool for AWS Lambda developers"
name = "kappa"
optional = false
platform = "UNKNOWN"
python-versions = "*"
version = "0.6.0"

[package.dependencies]
PyYAML = ">=3.11"
boto3 = ">=1.2.3"
click = ">=5.1"
placebo = ">=0.8.1"

[[package]]
category = "main"
description = "AWS Lambda Packages"
name = "lambda-packages"
optional = false
platform = "*"
python-versions = "*"
version = "0.20.0"

[[package]]
category = "main"
description = "Implements a XML/HTML/XHTML Markup safe string for Python"
name = "markupsafe"
optional = false
platform = "UNKNOWN"
python-versions = "*"
version = "1.0"

[[package]]
category = "main"
description = "MongoEngine is a Python Object-Document Mapper for working with MongoDB."
name = "mongoengine"
optional = false
platform = "any"
python-versions = "*"
version = "0.15.0"

[package.dependencies]
pymongo = ">=2.7.1"
six = "*"

[[package]]
category = "main"
description = "Python datetimes made easy"
name = "pendulum"
optional = false
platform = "*"
python-versions = ">=2.7, !=3.0.*, !=3.1.*, !=3.2.*, !=3.3.*"
version = "2.0.2"

[package.dependencies]
python-dateutil = ">=2.6,<3.0"
pytzdata = ">=2018.3"

[[package]]
category = "main"
description = "Make boto3 calls that look real but have no effect"
name = "placebo"
optional = false
platform = "UNKNOWN"
python-versions = "*"
version = "0.8.1"

[[package]]
category = "main"
description = "C parser in Python"
name = "pycparser"
optional = false
platform = "Cross Platform"
python-versions = "*"
version = "2.18"

[[package]]
category = "main"
description = "Python driver for MongoDB <http://www.mongodb.org>"
name = "pymongo"
optional = false
platform = "*"
python-versions = "*"
version = "3.7.0"

[[package]]
category = "main"
description = "Extensions to the standard Python datetime module"
name = "python-dateutil"
optional = false
platform = "*"
python-versions = "*"
version = "2.6.1"

[package.dependencies]
six = ">=1.5"

[[package]]
category = "main"
description = "A Python Slugify application that handles Unicode"
name = "python-slugify"
optional = false
platform = "UNKNOWN"
python-versions = "*"
version = "1.2.4"

[package.dependencies]
Unidecode = ">=0.04.16"

[[package]]
category = "main"
description = "Official timezone database for Python."
name = "pytzdata"
optional = false
platform = "*"
python-versions = ">=2.7, !=3.0.*, !=3.1.*, !=3.2.*, !=3.3.*"
version = "2018.5"

[[package]]
category = "main"
description = "YAML parser and emitter for Python"
name = "pyyaml"
optional = false
platform = "Any"
python-versions = "*"
version = "3.12"

[[package]]
category = "main"
description = "Alternative regular expression module, to replace re."
name = "regex"
optional = false
platform = "*"
python-versions = "*"
version = "2018.06.21"

[[package]]
category = "main"
description = "Python HTTP for Humans."
name = "requests"
optional = false
platform = "*"
python-versions = ">=2.6, !=3.0.*, !=3.1.*, !=3.2.*, !=3.3.*"
version = "2.19.1"

[package.dependencies]
certifi = ">=2017.4.17"
chardet = ">=3.0.2,<3.1.0"
idna = ">=2.5,<2.8"
urllib3 = ">=1.21.1,<1.24"

[[package]]
category = "main"
description = "An Amazon S3 Transfer Manager"
name = "s3transfer"
optional = false
platform = "*"
python-versions = "*"
version = "0.1.13"

[package.dependencies]
botocore = ">=1.3.0,<2.0.0"
futures = ">=2.2.0,<4.0.0"

[[package]]
category = "main"
description = "Python 2 and 3 compatibility utilities"
name = "six"
optional = false
platform = "*"
python-versions = "*"
version = "1.11.0"

[[package]]
category = "main"
description = "Python Library for Tom's Obvious, Minimal Language"
name = "toml"
optional = false
platform = "*"
python-versions = "*"
version = "0.9.4"

[[package]]
category = "main"
description = "Fast, Extensible Progress Meter"
name = "tqdm"
optional = false
platform = "any"
python-versions = "*"
version = "4.19.1"

[[package]]
category = "main"
description = "AWS CloudFormation creation library"
name = "troposphere"
optional = false
platform = "*"
python-versions = "*"
version = "2.3.1"

[package.dependencies]
cfn_flip = ">=1.0.2"

[[package]]
category = "main"
description = "Ultra fast JSON encoder and decoder for Python"
name = "ujson"
optional = false
platform = "any"
python-versions = "*"
version = "1.35"

[[package]]
category = "main"
description = "ASCII transliterations of Unicode text"
name = "unidecode"
optional = false
platform = "UNKNOWN"
python-versions = "*"
version = "0.04.21"

[[package]]
category = "main"
description = "HTTP library with thread-safe connection pooling, file post, and more."
name = "urllib3"
optional = false
platform = "*"
python-versions = ">=2.6, !=3.0.*, !=3.1.*, !=3.2.*, !=3.3.*, <4"
version = "1.23"

[[package]]
category = "main"
description = "The comprehensive WSGI web application library."
name = "werkzeug"
optional = false
platform = "any"
python-versions = "*"
version = "0.14.1"

[[package]]
category = "main"
description = "A built-package format for Python."
name = "wheel"
optional = false
platform = "*"
python-versions = ">=2.7, !=3.0.*, !=3.1.*, !=3.2.*, !=3.3.*"
version = "0.31.1"

[[package]]
category = "main"
description = "Radically simplified static file serving for WSGI applications"
name = "whitenoise"
optional = false
platform = "*"
python-versions = "*"
version = "3.3.1"

[[package]]
category = "main"
description = "Apache-like combined logging for WSGI Web Applications"
name = "wsgi-request-logger"
optional = false
platform = "any"
python-versions = "*"
version = "0.4.6"

[[package]]
category = "main"
description = "Server-less Python Web Services for AWS Lambda and API Gateway"
name = "zappa"
optional = false
platform = "*"
python-versions = "*"
version = "0.46.1"

[package.dependencies]
PyYAML = "3.12"
Werkzeug = ">=0.14"
argcomplete = "1.9.3"
base58 = "1.0.0"
boto3 = ">=1.4.7"
botocore = ">=1.7.19"
docutils = ">=0.12"
durationpy = "0.5"
future = "0.16.0"
hjson = "3.0.1"
jmespath = "0.9.3"
kappa = "0.6.0"
lambda-packages = "0.20.0"
pip = ">=9.0.1,<=10.1.0"
python-dateutil = ">=2.6.1,<2.7.0"
python-slugify = "1.2.4"
requests = ">=2.10.0"
six = ">=1.11.0"
toml = ">=0.9.4"
tqdm = "4.19.1"
troposphere = ">=1.9.0"
wheel = ">=0.30.0"
wsgi-request-logger = "0.4.6"

[metadata]
content-hash = "330e44807e30a59fd1a786a7052fe188ca00661a8584257a10263e8a0667c63d"
platform = "*"
python-versions = "3.6"

[metadata.hashes]
apistar = ["9158cbdc0449751f0efbc98800546c1cd212f1ff6f8b2a11d2f9df4fcf943110"]
appdirs = ["9e5896d1372858f8dd3344faf4e5014d21849c756c8d5701f78f8a103b372d92", "d8b24664561d0d34ddfaec54636d502d7cea6e29c3eaf68f3df6180863e2166e"]
argcomplete = ["c079ceb0b72d4d4e03531ed77e6071babb9d42c3f790d7def2c41295b4990b44", "d97b7f3cfaa4e494ad59ed6d04c938fc5ed69b590bd8f53274e258fb1119bd1b"]
attrs = ["4b90b09eeeb9b88c35bc642cbac057e45a5fd85367b985bd2809c62b7b939265", "e0d0eb91441a3b53dab4d9b743eafc1ac44476296a2053b6ca3af0b139faf87b"]
awesome-slugify = ["bbdec3fa2187917473a2efad092b57f7125a55f841a7cf6a1773178d32ccfd71"]
base58 = ["93fa54b615a7c406701a56e3d11c3a5defdbcd371f36c0452f1ac77623e42d16", "c5fe8b00fab798b4a3393da6235bdecb143db505833e3f979890f7c6fc99f651"]
bcrypt = ["01477981abf74e306e8ee31629a940a5e9138de000c6b0898f7f850461c4a0a5", "054d6e0acaea429e6da3613fcd12d05ee29a531794d96f6ab959f29a39f33391", "0872eeecdf9a429c1420158500eedb323a132bc5bf3339475151c52414729e70", "09a3b8c258b815eadb611bad04ca15ec77d86aa9ce56070e1af0d5932f17642a", "0f317e4ffbdd15c3c0f8ab5fbd86aa9aabc7bea18b5cc5951b456fe39e9f738c", "2788c32673a2ad0062bea850ab73cffc0dba874db10d7a3682b6f2f280553f20", "321d4d48be25b8d77594d8324c0585c80ae91ac214f62db9098734e5e7fb280f", "346d6f84ff0b493dbc90c6b77136df83e81f903f0b95525ee80e5e6d5e4eef84", "34dd60b90b0f6de94a89e71fcd19913a30e83091c8468d0923a93a0cccbfbbff", "3b4c23300c4eded8895442c003ae9b14328ae69309ac5867e7530de8bdd7875d", "43d1960e7db14042319c46925892d5fa99b08ff21d57482e6f5328a1aca03588", "49e96267cd9be55a349fd74f9852eb9ae2c427cd7f6455d0f1765d7332292832", "63e06ffdaf4054a89757a3a1ab07f1b922daf911743114a54f7c561b9e1baa58", "67ed1a374c9155ec0840214ce804616de49c3df9c5bc66740687c1c9b1cd9e8d", "6b662a5669186439f4f583636c8d6ea77cf92f7cfe6aae8d22edf16c36840574", "6efd9ca20aefbaf2e7e6817a2c6ed4a50ff6900fafdea1bcb1d0e9471743b144", "8569844a5d8e1fdde4d7712a05ab2e6061343ac34af6e7e3d7935b2bd1907bfd", "8629ea6a8a59f865add1d6a87464c3c676e60101b8d16ef404d0a031424a8491", "988cac675e25133d01a78f2286189c1f01974470817a33eaf4cfee573cfb72a5", "9a6fedda73aba1568962f7543a1f586051c54febbc74e87769bad6a4b8587c39", "9eced8962ce3b7124fe20fd358cf8c7470706437fa064b9874f849ad4c5866fc", "a005ed6163490988711ff732386b08effcbf8df62ae93dd1e5bda0714fad8afb", "ae35dbcb6b011af6c840893b32399252d81ff57d52c13e12422e16b5fea1d0fb", "b1e8491c6740f21b37cca77bc64677696a3fb9f32360794d57fa8477b7329eda", "c906bdb482162e9ef48eea9f8c0d967acceb5c84f2d25574c7d2a58d04861df1", "cb18ffdc861dbb244f14be32c47ab69604d0aca415bee53485fcea4f8e93d5ef", "cc2f24dc1c6c88c56248e93f28d439ee4018338567b0bbb490ea26a381a29b1e", "d860c7fff18d49e20339fc6dffc2d485635e36d4b2cccf58f45db815b64100b4", "d86da365dda59010ba0d1ac45aa78390f56bf7f992e65f70b3b081d5e5257b09", "e22f0997622e1ceec834fd25947dc2ee2962c2133ea693d61805bc867abaf7ea", "f2fe545d27a619a552396533cddf70d83cecd880a611cdfdbb87ca6aec52f66b", "f425e925485b3be48051f913dbe17e08e8c48588fdf44a26b8b14067041c0da6", "f7fd3ed3745fe6e81e28dc3b3d76cce31525a91f32a387e1febd6b982caf8cdb", "f9210820ee4818d84658ed7df16a7f30c9fba7d8b139959950acef91745cc0f7"]
black = ["22158b89c1a6b4eb333a1e65e791a3f8b998cf3b11ae094adb2570f31f769a44", "4b475bbd528acce094c503a3d2dbc2d05a4075f6d0ef7d9e7514518e14cc5191"]
boto3 = ["43255355cb4ad0fcba178658073120107695a6258259d4a5d387c0cb8354b928", "d5413b68157d73515839c6b1bbc00c0a9b0722ce8b14475215cf68984003f82b"]
botocore = ["5e809e326564d1b6422b0c7235300da428601e6694c8e7d7f05e38329fe40e31", "a4acb24c8ba2fb148e41b385e8acd10c5d96bf576ad22be1364919bed6f74f4e"]
certifi = ["13e698f54293db9f89122b0581843a782ad0934a4fe0172d2a980ba77fc61bb7", "9fa520c1bacfb634fa7af20a76bcbd3d5fb390481724c597da32c719a7dca4b0"]
cffi = ["151b7eefd035c56b2b2e1eb9963c90c6302dc15fbd8c1c0a83a163ff2c7d7743", "1553d1e99f035ace1c0544050622b7bc963374a00c467edafac50ad7bd276aef", "1b0493c091a1898f1136e3f4f991a784437fac3673780ff9de3bcf46c80b6b50", "2ba8a45822b7aee805ab49abfe7eec16b90587f7f26df20c71dd89e45a97076f", "3bb6bd7266598f318063e584378b8e27c67de998a43362e8fce664c54ee52d30", "3c85641778460581c42924384f5e68076d724ceac0f267d66c757f7535069c93", "3eb6434197633b7748cea30bf0ba9f66727cdce45117a712b29a443943733257", "495c5c2d43bf6cebe0178eb3e88f9c4aa48d8934aa6e3cddb865c058da76756b", "4c91af6e967c2015729d3e69c2e51d92f9898c330d6a851bf8f121236f3defd3", "57b2533356cb2d8fac1555815929f7f5f14d68ac77b085d2326b571310f34f6e", "770f3782b31f50b68627e22f91cb182c48c47c02eb405fd689472aa7b7aa16dc", "79f9b6f7c46ae1f8ded75f68cf8ad50e5729ed4d590c74840471fc2823457d04", "7a33145e04d44ce95bcd71e522b478d282ad0eafaf34fe1ec5bbd73e662f22b6", "857959354ae3a6fa3da6651b966d13b0a8bed6bbc87a0de7b38a549db1d2a359", "87f37fe5130574ff76c17cab61e7d2538a16f843bb7bca8ebbc4b12de3078596", "95d5251e4b5ca00061f9d9f3d6fe537247e145a8524ae9fd30a2f8fbce993b5b", "9d1d3e63a4afdc29bd76ce6aa9d58c771cd1599fbba8cf5057e7860b203710dd", "a36c5c154f9d42ec176e6e620cb0dd275744aa1d804786a71ac37dc3661a5e95", "a6a5cb8809091ec9ac03edde9304b3ad82ad4466333432b16d78ef40e0cce0d5", "ae5e35a2c189d397b91034642cb0eab0e346f776ec2eb44a49a459e6615d6e2e", "b0f7d4a3df8f06cf49f9f121bead236e328074de6449866515cea4907bbc63d6", "b75110fb114fa366b29a027d0c9be3709579602ae111ff61674d28c93606acca", "ba5e697569f84b13640c9e193170e89c13c6244c24400fc57e88724ef610cd31", "be2a9b390f77fd7676d80bc3cdc4f8edb940d8c198ed2d8c0be1319018c778e1", "ca1bd81f40adc59011f58159e4aa6445fc585a32bb8ac9badf7a2c1aa23822f2", "d5d8555d9bfc3f02385c1c37e9f998e2011f0db4f90e250e5bc0c0a85a813085", "e55e22ac0a30023426564b1059b035973ec82186ddddbac867078435801c7801", "e90f17980e6ab0f3c2f3730e56d1fe9bcba1891eeea58966e89d352492cc74f4", "ecbb7b01409e9b782df5ded849c178a0aa7c906cf8c5a67368047daab282b184", "ed01918d545a38998bfa5902c7c00e0fee90e957ce036a4000a88e3fe2264917", "edabd457cd23a02965166026fd9bfd196f4324fe6032e866d0f3bd0301cd486f", "fdf1c1dc5bafc32bc5d08b054f94d659422b05aba244d6be4ddc1c72d9aa70fb"]
cfn-flip = ["9c61039c71995ab204c005ec46d47d0f7a109e9f1b6d63569397f8bc648a8151"]
chardet = ["84ab92ed1c4d4f16916e05906b6b75a6c0fb5db821cc65e70cbd64a3e2a5eaae", "fc323ffcaeaed0e0a02bf4d117757b98aed530d9ed4531e3e15460124c106691"]
click = ["29f99fc6125fbc931b758dc053b3114e55c77a6e4c6c3a2674a2dc986016381d", "f15516df478d5a56180fbf80e68f206010e6d160fc39fa508b65e035fd75130b"]
docutils = ["02aec4bd92ab067f6ff27a38a38a41173bf01bed8f89157768c1573f53e474a6", "51e64ef2ebfb29cae1faa133b3710143496eca21c530f3f71424d77687764274", "7a4bd47eaf6596e1295ecb11361139febe29b084a87bf005bf899f9a42edc3c6"]
durationpy = ["5ef9416b527b50d722f34655becfb75e49228eb82f87b855ed1911b3314b5408"]
future = ["e39ced1ab767b5936646cedba8bcce582398233d6a627067d4c6a454c90cfedb"]
futures = ["51ecb45f0add83c806c68e4b06106f90db260585b25ef2abfcda0bd95c0132fd", "c4884a65654a7c45435063e14ae85280eb1f111d94e542396717ba9828c4337f"]
hjson = ["1d1727faa6aaef2973921877125a3ab7c5f6d34b93233179d01770f41fab51f9"]
idna = ["156a6814fb5ac1fc6850fb002e0852d56c0c8d2531923a51032d1b70760e186e", "684a38a6f903c1d71d6d5fac066b58d7768af4de2b832e426ec79c30daa94a16"]
jinja2 = ["74c935a1b8bb9a3947c50a54766a969d4846290e1e788ea44c1392163723c3bd", "f84be1bb0040caca4cea721fcbbbbd61f9be9464ca236387158b0feea01914a4"]
jmespath = ["6a81d4c9aa62caf061cb517b4d9ad1dd300374cd4706997aff9cd6aedd61fc64", "f11b4461f425740a1d908e9a3f7365c3d2e569f6ca68a2ff8bc5bcd9676edd63"]
kappa = ["4b5b372872f25d619e427e04282551048dc975a107385b076b3ffc6406a15833", "4d6b7b3accce4a0aaaac92b36237a6304f0f2fffbbe3caea3f7c9f52d12c9989"]
lambda-packages = ["b5e3b81ecef5f7c1b0903b5c40813536ba2343a33868a567e4e4ff1e26243406"]
markupsafe = ["a6be69091dac236ea9c6bc7d012beab42010fa914c459791d627dad4910eb665"]
mongoengine = ["996e0aba34e0be3834cba19a2ac77aaeebbd7b595b6b896266a2aa41cad3566e", "f8fed3871dfcefd421d3a3be1b43b3b9a1622db6a4271d78f15f494e51003f75"]
pendulum = ["0643d45824e6789b88187728337dfa6075a0233f6976c2abefba00d064156309", "3cc271195d8054bec06f54ff7d56ea6c2e2b5ad5dd6b532d787b34d2cabe6a65", "544e44d8a92954e5ef4db4fa8b662d3282f2ac7b7c2cbf4227dc193ba78b9e1e", "846478ab5f7480b3d850a09e44fe03830d448633c84f0b1066615ff6c34293aa", "8bb523f759daeecfc0649369f198cbeb27a6608347354f4f847d21d579003db6", "a449142063100f1b3c1119453c7569667c9ba79897305a1c50ca83a8c790f1e4", "b7ff156b3d7cccbdeeb63465578d9a4e6f57d463f6ff6d4474254208d08f8353", "d8822a592bbc16576c44ec4625bff9187ed9b649d47714e4905a55adc5b25339", "dd45c7b349faab69714df9835cdf8bf8bce50bf6fc471419d3b23ba33e1915a5", "fac088b637b5db5a047a0e89194d8c3c9e9e9ce1665089240003bb7c05b92536"]
placebo = ["8aa848b892924786fa5e37e75524e8ec039b7d54860d35c51ffb4ed3e30590c5"]
pycparser = ["99a8ca03e29851d96616ad0404b4aad7d9ee16f25c9f9708a11faf2810f7b226"]
pymongo = ["04e5e52d3e6cbd46bbafe067a242cd5862240fd5ba270ab1be6d3cfa5ae1ed0b", "0ab6f1917a9226459c9ecb1af879a853aae5f5be2afe599deb4bcd9702d03c20", "1a33a6431ee41c0fa507a37d08966d73a66443e43173b2d4fff6db70247ae805", "1e385e45d5aed6fd5294da1f9b71d33dcd812887f9e17410cbf83c324270fbbd", "21e25d25ead34b07289f5a30916661e5f0adfff8f2a9326f98b8961113e14a83", "252cecc7e204106de8b61aacf3e00a5c31ebd2548b027a675ef339d3df9428d6", "29a12524bc5b7e2bc55e426e6b7be4a734cccf99298248748f6ca0088ecb54e3", "2e7920f138aad3406a83cb8db7b3f96a357d9d33bc7abb353cc0f571dd97318d", "2fa9d8292b93716dfaed09701a7129704cf290dd7a3a7e057563dee4e805934a", "30928492147298754428e045a4e790a4dd91d0d834754cf0d556310aca270080", "3327afb38017ac1de32e4ca3a6c8edb1fe19d6024771609590684d3a37e7c250", "3dd41aaab8ac3b93281c331bca8824bb75591568d802a0a509c61f4be7ea235d", "453e9a1e3a9dfe7c7bf3367ab82842cb236735c58f6ca849a485b30f9dfa42f8", "5170ef12426d355a490840dc7f2b69602e92a4c57cca27ef59d1c371dfab6c0e", "5217607e2bac97c774839095c3609da2250bf253f46761bc700e4ce3bd5ac54d", "5984c1c12e8dd6a96e8b82c4bec3f86180c4b048dcdccd34ed8c8bb81740e4ca", "5cc2adccb61bfe6c76fc5b6d488d76b3c093a69d79e70adb73b5678d2f0afc67", "64c9c2ac0b9f96253b52c41e7c9c26a140818a31031ac1c5431893c241fb3436", "65a0967d15d4b3d46b9885a69c45148cc9dc09ee9f10f0fd05669fe9ebffd947", "74b829a8ad20715f02b1ba4d5e777d60c0500acc69377e802e19e1943d3f1a81", "80c9df3fde525855431d2959550746404eb6fae8f8a87d7d15e9c0ac650c70e1", "814919d3f66da8f9dc3d5df014c0699ec1698653f1829c588bfe251dda444782", "86a3e9fe14e2d46aa2e349378732b917718bd03d5317f917cd9363ea5e29c234", "8e889b1256a6aac3f64d9e7369a3fbcb3dce9389d4145cb7f0f7439071f0739e", "9785f19100e5b3422ce93c1455d5344484967cc6871a642a333ecf3554524398", "9dc1590e1f1ffd4a9a8be836610afeb887dcd75c96663e1d0390c492146f59ff", "a5e4becae6c053602fb9ed6dd4d12c525e3f716357334ee306929724087b65b4", "af3c32dd771e91e8e02335e13ebc618b740b034aabf99bd417c4fb768acc8c4c", "b4e77252237fea02eab5a59514b62bb23095869790dbcfcb45e500e3704c69d0", "b6bd46b9662a58134241cb31224e3b2b0f61b67e2b2328326fe871d5603e3537", "bce845a8efdcfae71dcaa52ff278a026fcf37afb64878c231129a264ef3afd2f", "c6490e2f22279cbe2090cd6075e375f3d7396a8deaf9efc38061cfe3ab15e158", "c6c6868995787429cedb919d0399a0211c0ca48880c3dcacda2ae72cb2663caa", "e1b169481dc1d77cfd45906171193daa431144cc0704da19fcf7e39f7e5bad13", "e9930c3d070eeaeb1297e58fd6ef009ac9b723d423d82637acca1a06e5940471", "f4b400ae8464d878b3297fb0e37f425f6f3b4343ca728b16a8bfa86b10e8c7c4", "f7f309ebbda39fb00ec28f311e90b8ec9def924c41b658c45d6ab8077aadece8"]
python-dateutil = ["891c38b2a02f5bb1be3e4793866c8df49c7d19baabf9c1bad62547e0b4866aca", "95511bae634d69bc7329ba55e646499a842bc4ec342ad54a8cdb65645a0aad3c"]
python-slugify = ["57a385df7a1c6dbd15f7666eaff0ff29d3f60363b228b1197c5308ed3ba5f824", "c3733135d3b184196fdb8844f6a74bbfb9cf6720d1dcce3254bdc434353f938f"]
pytzdata = ["1d936da41ee06216d89fdc7ead1ee9a5da2811a8787515a976b646e110c3f622", "e4ef42e82b0b493c5849eed98b5ab49d6767caf982127e9a33167f1153b36cc5"]
pyyaml = ["0c507b7f74b3d2dd4d1322ec8a94794927305ab4cebbe89cc47fe5e81541e6e8", "16b20e970597e051997d90dc2cddc713a2876c47e3d92d59ee198700c5427736", "3262c96a1ca437e7e4763e2843746588a965426550f3797a79fca9c6199c431f", "326420cbb492172dec84b0f65c80942de6cedb5233c413dd824483989c000608", "4474f8ea030b5127225b8894d626bb66c01cda098d47a2b0d3429b6700af9fd8", "592766c6303207a20efc445587778322d7f73b161bd994f227adaa341ba212ab", "5ac82e411044fb129bae5cfbeb3ba626acb2af31a8d17d175004b70862a741a7", "5f84523c076ad14ff5e6c037fe1c89a7f73a3e04cf0377cb4d017014976433f3", "827dc04b8fa7d07c44de11fabbc888e627fa8293b695e0f99cb544fdfa1bf0d1", "b4c423ab23291d3945ac61346feeb9a0dc4184999ede5e7c43e1ffb975130ae6", "bc6bced57f826ca7cb5125a10b23fd0f2fff3b7c4701d64c439a300ce665fff8", "c01b880ec30b5a6e6aa67b09a2fe3fb30473008c85cd6a67359a1b15ed6d83a4", "ca233c64c6e40eaa6c66ef97058cdc80e8d0157a443655baa1b2966e812807ca", "e863072cdf4c72eebf179342c94e6989c67185842d9997960b3e69290b2fa269"]
regex = ["0f935c4b04b60bf3904bcaa11dec702a49de61caff3b09793521759f61bd7585", "22a561fce0691e2819f8b4957b0a6a1829ec1df503e93569a015a01c173b401c", "2fc09d427dfc7f53ed1261caf357b25932409fd1be4dae3f3bc70e353a7120bb", "309f05c0a93a1410d1250f4170257d3f4092a7a4460e46ef47925db7c930b9c6", "3e985c6980badbf97497945cd922561639e12e7f4174f735979136c0d81cc1b4", "5cdfe2f16d674e2e7b341c0cd0b12cc4644d2adf248ff860c0dc74494397f001", "717ed720c872a0c4458d8de81660e1e1e5c9a3f4277b782e01d5df934e50a820", "81709bdab6fb5db389a3123f28f7198921372144fbda03b8ab8162ef9688b61c", "97d286c501c2007e43003b53a997102d5ca781fd3d9228427f942779ac43b107", "a35138a333069cf1d19ec39e1b1aaa868a474cf215303af2bb5d08b747796d9a", "b172583f0c5f104e059a30dd6a1f9d20693031b156558590a745d6cc3192e283", "b5a739fff4f0bfeba6d889820a14b359f50bcc3466afe00ce616fd5cb9093e25", "b65b3a347a33fec024133cd21f926f6bff1fae387ff2f380b8751a8b26a6b92c", "c42af0a812c272339ac9602bf10e5d1e022e518e5936c303624b5c11803805e3", "d421ee4a55922f2ff2561cae543458f5bff089b5a94c7dfcf60b6bef5721cd0f"]
requests = ["63b52e3c866428a224f97cab011de738c36aec0185aa91cfacd418b5d58911d1", "ec22d826a36ed72a7358ff3fe56cbd4ba69dd7a6718ffd450ff0e9df7a47ce6a"]
s3transfer = ["90dc18e028989c609146e241ea153250be451e05ecc0c2832565231dacdf59c1", "c7a9ec356982d5e9ab2d4b46391a7d6a950e2b04c472419f5fdec70cc0ada72f"]
six = ["70e8a77beed4562e7f14fe23a786b54f6296e34344c23bc42f07b15018ff98e9", "832dc0e10feb1aa2c68dcc57dbb658f1c7e65b9b61af69048abc87a2db00a0eb"]
toml = ["8e86bd6ce8cc11b9620cb637466453d94f5d57ad86f17e98a98d1f73e3baab2d"]
tqdm = ["ba650e08b8b102923a05896bf9d7e1c9cdc20b484156df0511a4bbf1f6b6f89b", "fa6d2ea6285f56e75d7efe9259805deadc450f16066a1f82ad0629ea9be2cd0f"]
troposphere = ["aecc32359326634c9911ae4bea05d308822b827787926dcc038c153410ce380b"]
ujson = ["f66073e5506e91d204ab0c614a148d5aa938bdbf104751be66f8ad7a222f5f86"]
unidecode = ["280a6ab88e1f2eb5af79edff450021a0d3f0448952847cd79677e55e58bad051", "61f807220eda0203a774a09f84b4304a3f93b5944110cc132af29ddb81366883"]
urllib3 = ["a68ac5e15e76e7e5dd2b8f94007233e01effe3e50e8daddf69acfd81cb686baf", "b5725a0bd4ba422ab0e66e89e030c806576753ea3ee08554382c14e685d117b5"]
werkzeug = ["c3fd7a7d41976d9f44db327260e263132466836cef6f91512889ed60ad26557c", "d5da73735293558eb1651ee2fddc4d0dedcfa06538b8813a2e20011583c9e49b"]
wheel = ["0a2e54558a0628f2145d2fc822137e322412115173e8a2ddbe1c9024338ae83c", "80044e51ec5bbf6c894ba0bc48d26a8c20a9ba629f4ca19ea26ecfcf87685f5f"]
whitenoise = ["15f43b2e701821b95c9016cf469d29e2a546cb1c7dead584ba82c36f843995cf", "9d81515f2b5b27051910996e1e860b1332e354d9e7bcf30c98f21dcb6713e0dd"]
wsgi-request-logger = ["445d7ec52799562f812006394d0b4a7064b37084c6ea6bd74ea7a2136c97ed83"]
zappa = ["cb70195801efb8ae50c78d5180640afe1bcb9317d3c11da97b6d3588b90aea89", "d841b2ca57c80c2fe5cd9098763ab26f59580658838eb77fcdefeed894543d45"]
